
Microsoft Visual Studio Solution File, Format Version 11.00
# Visual Studio 2010
Project("{FAE04EC0-301F-11D3-BF4B-00C04F79EFBC}") = "KinectSecurity", "KinectSecurity\KinectSecurity\KinectSecurity.csproj", "{998F2A6C-5285-46DE-87BD-4F15B4E5FC61}"
EndProject
Project("{96E2B04D-8817-42C6-938A-82C39BA4D311}") = "KinectSecurityContent", "KinectSecurity\KinectSecurityContent\KinectSecurityContent.contentproj", "{66CA16D0-8210-4E87-847A-E4D64C07ACB0}"
EndProject
Project("{FAE04EC0-301F-11D3-BF4B-00C04F79EFBC}") = "Xbox 360 Copy of KinectSecurity", "KinectSecurity\KinectSecurity\Xbox 360 Copy of KinectSecurity.csproj", "{1312A36B-22B3-4579-8D61-780E53777D09}"
EndProject
Global
	GlobalSection(SolutionConfigurationPlatforms) = preSolution
		Debug|Mixed Platforms = Debug|Mixed Platforms
		Debug|x86 = Debug|x86
		Debug|Xbox 360 = Debug|Xbox 360
		Release|Mixed Platforms = Release|Mixed Platforms
		Release|x86 = Release|x86
		Release|Xbox 360 = Release|Xbox 360
	EndGlobalSection
	GlobalSection(ProjectConfigurationPlatforms) = postSolution
		{998F2A6C-5285-46DE-87BD-4F15B4E5FC61}.Debug|Mixed Platforms.ActiveCfg = Debug|x86
		{998F2A6C-5285-46DE-87BD-4F15B4E5FC61}.Debug|Mixed Platforms.Build.0 = Debug|x86
		{998F2A6C-5285-46DE-87BD-4F15B4E5FC61}.Debug|x86.ActiveCfg = Debug|x86
		{998F2A6C-5285-46DE-87BD-4F15B4E5FC61}.Debug|x86.Build.0 = Debug|x86
		{998F2A6C-5285-46DE-87BD-4F15B4E5FC61}.Debug|Xbox 360.ActiveCfg = Debug|x86
		{998F2A6C-5285-46DE-87BD-4F15B4E5FC61}.Debug|Xbox 360.Build.0 = Debug|x86
		{998F2A6C-5285-46DE-87BD-4F15B4E5FC61}.Release|Mixed Platforms.ActiveCfg = Release|x86
		{998F2A6C-5285-46DE-87BD-4F15B4E5FC61}.Release|Mixed Platforms.Build.0 = Release|x86
		{998F2A6C-5285-46DE-87BD-4F15B4E5FC61}.Release|x86.ActiveCfg = Release|x86
		{998F2A6C-5285-46DE-87BD-4F15B4E5FC61}.Release|x86.Build.0 = Release|x86
		{998F2A6C-5285-46DE-87BD-4F15B4E5FC61}.Release|Xbox 360.ActiveCfg = Release|x86
		{998F2A6C-5285-46DE-87BD-4F15B4E5FC61}.Release|Xbox 360.Build.0 = Release|x86
		{66CA16D0-8210-4E87-847A-E4D64C07ACB0}.Debug|Mixed Platforms.ActiveCfg = Debug|x86
		{66CA16D0-8210-4E87-847A-E4D64C07ACB0}.Debug|x86.ActiveCfg = Debug|x86
		{66CA16D0-8210-4E87-847A-E4D64C07ACB0}.Debug|Xbox 360.ActiveCfg = Debug|x86
		{66CA16D0-8210-4E87-847A-E4D64C07ACB0}.Release|Mixed Platforms.ActiveCfg = Release|x86
		{66CA16D0-8210-4E87-847A-E4D64C07ACB0}.Release|x86.ActiveCfg = Release|x86
		{66CA16D0-8210-4E87-847A-E4D64C07ACB0}.Release|Xbox 360.ActiveCfg = Release|x86
		{1312A36B-22B3-4579-8D61-780E53777D09}.Debug|Mixed Platforms.ActiveCfg = Debug|Xbox 360
		{1312A36B-22B3-4579-8D61-780E53777D09}.Debug|Mixed Platforms.Build.0 = Debug|Xbox 360
		{1312A36B-22B3-4579-8D61-780E53777D09}.Debug|Mixed Platforms.Deploy.0 = Debug|Xbox 360
		{1312A36B-22B3-4579-8D61-780E53777D09}.Debug|x86.ActiveCfg = Debug|Xbox 360
		{1312A36B-22B3-4579-8D61-780E53777D09}.Debug|Xbox 360.ActiveCfg = Debug|Xbox 360
		{1312A36B-22B3-4579-8D61-780E53777D09}.Debug|Xbox 360.Build.0 = Debug|Xbox 360
		{1312A36B-22B3-4579-8D61-780E53777D09}.Debug|Xbox 360.Deploy.0 = Debug|Xbox 360
		{1312A36B-22B3-4579-8D61-780E53777D09}.Release|Mixed Platforms.ActiveCfg = Release|Xbox 360
		{1312A36B-22B3-4579-8D61-780E53777D09}.Release|Mixed Platforms.Build.0 = Release|Xbox 360
		{1312A36B-22B3-4579-8D61-780E53777D09}.Release|Mixed Platforms.Deploy.0 = Release|Xbox 360
		{1312A36B-22B3-4579-8D61-780E53777D09}.Release|x86.ActiveCfg = Release|Xbox 360
		{1312A36B-22B3-4579-8D61-780E53777D09}.Release|Xbox 360.ActiveCfg = Release|Xbox 360
		{1312A36B-22B3-4579-8D61-780E53777D09}.Release|Xbox 360.Build.0 = Release|Xbox 360
		{1312A36B-22B3-4579-8D61-780E53777D09}.Release|Xbox 360.Deploy.0 = Release|Xbox 360
	EndGlobalSection
	GlobalSection(SolutionProperties) = preSolution
		HideSolutionNode = FALSE
	EndGlobalSection
EndGlobal
